<?xml version="1.0" encoding="utf-8"?>
<Project ToolsVersion="4.0" xmlns="http://schemas.microsoft.com/developer/msbuild/2003">
  <ItemGroup>
    <ClCompile Include="Animation.cpp">
      <Filter>Header Files\FrameWork</Filter>
    </ClCompile>
    <ClCompile Include="Graphic.cpp">
      <Filter>Header Files\FrameWork</Filter>
    </ClCompile>
    <ClCompile Include="KeyBoard.cpp">
      <Filter>Header Files\FrameWork</Filter>
    </ClCompile>
    <ClCompile Include="GameManager.cpp">
      <Filter>Header Files\Manager</Filter>
    </ClCompile>
    <ClCompile Include="GameMap.cpp">
      <Filter>Header Files\Manager</Filter>
    </ClCompile>
    <ClCompile Include="GameTime.cpp">
      <Filter>Header Files\FrameWork</Filter>
    </ClCompile>
    <ClCompile Include="Debug.cpp">
      <Filter>Header Files\Misc</Filter>
    </ClCompile>
    <ClCompile Include="PlayerDuckAttackState.cpp">
      <Filter>Header Files\Objects\Player\State</Filter>
    </ClCompile>
    <ClCompile Include="PlayerDuckState.cpp">
      <Filter>Header Files\Objects\Player\State</Filter>
    </ClCompile>
    <ClCompile Include="PlayerFallState.cpp">
      <Filter>Header Files\Objects\Player\State</Filter>
    </ClCompile>
    <ClCompile Include="PlayerIdleAttackState.cpp">
      <Filter>Header Files\Objects\Player\State</Filter>
    </ClCompile>
    <ClCompile Include="PlayerIdleState.cpp">
      <Filter>Header Files\Objects\Player\State</Filter>
    </ClCompile>
    <ClCompile Include="PlayerJumpAttack.cpp">
      <Filter>Header Files\Objects\Player\State</Filter>
    </ClCompile>
    <ClCompile Include="PlayerJumpCrossState.cpp">
      <Filter>Header Files\Objects\Player\State</Filter>
    </ClCompile>
    <ClCompile Include="PlayerJumpState.cpp">
      <Filter>Header Files\Objects\Player\State</Filter>
    </ClCompile>
    <ClCompile Include="PLayerLookUpState.cpp">
      <Filter>Header Files\Objects\Player\State</Filter>
    </ClCompile>
    <ClCompile Include="PlayerRunAttackState.cpp">
      <Filter>Header Files\Objects\Player\State</Filter>
    </ClCompile>
    <ClCompile Include="PlayerRunState.cpp">
      <Filter>Header Files\Objects\Player\State</Filter>
    </ClCompile>
    <ClCompile Include="PlayerSlideState.cpp">
      <Filter>Header Files\Objects\Player\State</Filter>
    </ClCompile>
    <ClCompile Include="Item.cpp">
      <Filter>Header Files\Objects\Item</Filter>
    </ClCompile>
    <ClCompile Include="Camera.cpp">
      <Filter>Header Files\FrameWork</Filter>
    </ClCompile>
    <ClCompile Include="SceneManager.cpp">
      <Filter>Header Files\Manager</Filter>
    </ClCompile>
    <ClCompile Include="Sprites.cpp">
      <Filter>Header Files\FrameWork</Filter>
    </ClCompile>
    <ClCompile Include="Support.cpp">
      <Filter>Header Files\Misc</Filter>
    </ClCompile>
    <ClCompile Include="Textures.cpp">
      <Filter>Header Files\FrameWork</Filter>
    </ClCompile>
    <ClCompile Include="Entity.cpp">
      <Filter>Header Files\Objects\General</Filter>
    </ClCompile>
    <ClCompile Include="Unit.cpp">
      <Filter>Header Files\Collission</Filter>
    </ClCompile>
    <ClCompile Include="Grid.cpp">
      <Filter>Header Files\Collission</Filter>
    </ClCompile>
    <ClCompile Include="Main.cpp">
      <Filter>Source Files</Filter>
    </ClCompile>
    <ClCompile Include="Gem.cpp">
      <Filter>Header Files\Objects\Item</Filter>
    </ClCompile>
    <ClCompile Include="BlueHeart.cpp">
      <Filter>Header Files\Objects\Item</Filter>
    </ClCompile>
    <ClCompile Include="GenieToken.cpp">
      <Filter>Header Files\Objects\Item</Filter>
    </ClCompile>
    <ClCompile Include="PlayerIdleThrowState.cpp">
      <Filter>Header Files\Objects\Player\State</Filter>
    </ClCompile>
    <ClCompile Include="PlayerDuckThrowState.cpp">
      <Filter>Header Files\Objects\Player\State</Filter>
    </ClCompile>
    <ClCompile Include="PlayerLookUpAttackState.cpp">
      <Filter>Header Files\Objects\Player\State</Filter>
    </ClCompile>
    <ClCompile Include="PlayerRunThrowState.cpp">
      <Filter>Header Files\Objects\Player\State</Filter>
    </ClCompile>
    <ClCompile Include="PlayerJumpThrowState.cpp">
      <Filter>Header Files\Objects\Player\State</Filter>
    </ClCompile>
    <ClCompile Include="PlayerClimbAttackState.cpp">
      <Filter>Header Files\Objects\Player\State</Filter>
    </ClCompile>
    <ClCompile Include="PlayerClimbThrowState.cpp">
      <Filter>Header Files\Objects\Player\State</Filter>
    </ClCompile>
    <ClCompile Include="PlayerClimbJumpState.cpp">
      <Filter>Header Files\Objects\Player\State</Filter>
    </ClCompile>
    <ClCompile Include="PlayerDeathState.cpp">
      <Filter>Header Files\Objects\Player\State</Filter>
    </ClCompile>
    <ClCompile Include="CollisionDetector.cpp">
      <Filter>Header Files\Collission</Filter>
    </ClCompile>
    <ClCompile Include="PlayerClimbState.cpp">
      <Filter>Header Files\Objects\Player\State</Filter>
    </ClCompile>
    <ClCompile Include="PlayerInjuredState.cpp">
      <Filter>Header Files\Objects\Player\State</Filter>
    </ClCompile>
    <ClCompile Include="Obstacles.cpp">
      <Filter>Header Files\Objects\Obstacles</Filter>
    </ClCompile>
    <ClCompile Include="Stone.cpp">
      <Filter>Header Files\Objects\Obstacles</Filter>
    </ClCompile>
    <ClCompile Include="Spike.cpp">
      <Filter>Header Files\Objects\Obstacles</Filter>
    </ClCompile>
    <ClCompile Include="BlueVase.cpp">
      <Filter>Header Files\Objects\Obstacles</Filter>
    </ClCompile>
    <ClCompile Include="Ball.cpp">
      <Filter>Header Files\Objects\Obstacles</Filter>
    </ClCompile>
    <ClCompile Include="Pillar.cpp">
      <Filter>Header Files\Objects\Surface</Filter>
    </ClCompile>
    <ClCompile Include="ChainedPillar.cpp">
      <Filter>Header Files\Objects\Surface</Filter>
    </ClCompile>
    <ClCompile Include="Surface.cpp">
      <Filter>Header Files\Objects\Surface</Filter>
    </ClCompile>
    <ClCompile Include="ExitPort.cpp">
      <Filter>Header Files\Objects\Surface</Filter>
    </ClCompile>
    <ClCompile Include="FatGuard.cpp">
      <Filter>Header Files\Objects\Enemy\FatGuard</Filter>
    </ClCompile>
    <ClCompile Include="FatGuardAttackState.cpp">
      <Filter>Header Files\Objects\Enemy\FatGuard</Filter>
    </ClCompile>
    <ClCompile Include="PlayerPushState.cpp">
      <Filter>Header Files\Objects\Player\State</Filter>
    </ClCompile>
    <ClCompile Include="Bat.cpp">
      <Filter>Header Files\Objects\Enemy\Bat</Filter>
    </ClCompile>
    <ClCompile Include="Skeleton.cpp">
      <Filter>Header Files\Objects\Enemy\Skeleton</Filter>
    </ClCompile>
    <ClCompile Include="ThinGuard.cpp">
      <Filter>Header Files\Objects\Enemy\ThinGuard</Filter>
    </ClCompile>
    <ClCompile Include="PlayerPushState.cpp">
      <Filter>Header Files\Objects\Player\State</Filter>
    </ClCompile>
    <ClCompile Include="Enemy.cpp">
      <Filter>Header Files\Objects\Enemy\General</Filter>
    </ClCompile>
    <ClCompile Include="EnemyData.cpp">
      <Filter>Header Files\Objects\Enemy\General</Filter>
    </ClCompile>
    <ClCompile Include="EnemyState.cpp">
      <Filter>Header Files\Objects\Enemy\General</Filter>
    </ClCompile>
    <ClCompile Include="PlayerTouchGroundState.cpp">
      <Filter>Header Files\Objects\Player\State</Filter>
    </ClCompile>
    <ClCompile Include="ThinGuardAttackState.cpp">
      <Filter>Header Files\Objects\Enemy\ThinGuard</Filter>
    </ClCompile>
    <ClCompile Include="SkeletonIdleState.cpp">
      <Filter>Header Files\Objects\Enemy\Skeleton</Filter>
    </ClCompile>
    <ClCompile Include="BatFollowPlayerState.cpp">
      <Filter>Header Files\Objects\Enemy\Bat</Filter>
    </ClCompile>
    <ClCompile Include="FatGuardFollowPlayerState.cpp">
      <Filter>Header Files\Objects\Enemy\FatGuard</Filter>
    </ClCompile>
    <ClCompile Include="FatGuardProvokeState.cpp">
      <Filter>Header Files\Objects\Enemy\FatGuard</Filter>
    </ClCompile>
    <ClCompile Include="FatGuardIdleState.cpp">
      <Filter>Header Files\Objects\Enemy\FatGuard</Filter>
    </ClCompile>
    <ClCompile Include="ThinGuardFollowPlayer.cpp">
      <Filter>Header Files\Objects\Enemy\ThinGuard</Filter>
    </ClCompile>
    <ClCompile Include="ThinGuardIdleState.cpp">
      <Filter>Header Files\Objects\Enemy\ThinGuard</Filter>
    </ClCompile>
    <ClCompile Include="BatIdleState.cpp">
      <Filter>Header Files\Objects\Enemy\Bat</Filter>
    </ClCompile>
    <ClCompile Include="FatGuardInjuredState.cpp">
      <Filter>Header Files\Objects\Enemy\FatGuard</Filter>
    </ClCompile>
    <ClCompile Include="ThinGuardInjuredState.cpp">
      <Filter>Header Files\Objects\Enemy\ThinGuard</Filter>
    </ClCompile>
    <ClCompile Include="Effect.cpp">
      <Filter>Header Files\Objects\Effect</Filter>
    </ClCompile>
    <ClCompile Include="EnemyExplosion.cpp">
      <Filter>Header Files\Objects\Effect\Explosion</Filter>
    </ClCompile>
    <ClCompile Include="SmallItemExplosion.cpp">
      <Filter>Header Files\Objects\Effect\Explosion</Filter>
    </ClCompile>
    <ClCompile Include="BigItemExplosion.cpp">
      <Filter>Header Files\Objects\Effect\Explosion</Filter>
    </ClCompile>
    <ClCompile Include="AppleWeapon.cpp">
      <Filter>Header Files\Objects\Weapon</Filter>
    </ClCompile>
    <ClCompile Include="Weapon.cpp">
      <Filter>Header Files\Objects\Weapon</Filter>
    </ClCompile>
    <ClCompile Include="ObjectPooling.cpp">
      <Filter>Header Files\Manager\ObjectPooling</Filter>
    </ClCompile>
    <ClCompile Include="AppleWeaponExplosion.cpp">
      <Filter>Header Files\Objects\Effect\Explosion</Filter>
    </ClCompile>
    <ClCompile Include="SkeletonWeapon.cpp">
      <Filter>Header Files\Objects\Weapon</Filter>
    </ClCompile>
    <ClCompile Include="RevivingScene.cpp">
      <Filter>Header Files\Scene</Filter>
    </ClCompile>
    <ClCompile Include="SkeletonWeaponExplosion.cpp">
      <Filter>Header Files\Objects\Effect\Explosion</Filter>
    </ClCompile>
    <ClCompile Include="IntroScene.cpp">
      <Filter>Header Files\Scene</Filter>
    </ClCompile>
    <ClCompile Include="LevelComplete.cpp">
      <Filter>Header Files\Scene</Filter>
    </ClCompile>
    <ClCompile Include="Jafar%27sPalace.cpp">
      <Filter>Header Files\Scene</Filter>
    </ClCompile>
    <ClCompile Include="SnakePillar.cpp">
      <Filter>Header Files\Objects\Surface</Filter>
    </ClCompile>
    <ClCompile Include="BatRotateState.cpp">
      <Filter>Header Files\Objects\Enemy\Bat</Filter>
    </ClCompile>
    <ClCompile Include="Peddler.cpp">
      <Filter>Header Files\Objects\Item</Filter>
    </ClCompile>
    <ClCompile Include="Sound.cpp">
      <Filter>Header Files\FrameWork\Sound</Filter>
    </ClCompile>
    <ClCompile Include="dsutil.cpp">
      <Filter>Header Files\FrameWork\Sound\ThirdParty</Filter>
    </ClCompile>
    <ClCompile Include="dxutil.cpp">
      <Filter>Header Files\FrameWork\Sound\ThirdParty</Filter>
    </ClCompile>
    <ClCompile Include="Jafar.cpp">
      <Filter>Header Files\Objects\Enemy\Jafar</Filter>
    </ClCompile>
    <ClCompile Include="JafarIdleState.cpp">
      <Filter>Header Files\Objects\Enemy\Jafar</Filter>
    </ClCompile>
    <ClCompile Include="JafarAttackState.cpp">
      <Filter>Header Files\Objects\Enemy\Jafar</Filter>
    </ClCompile>
    <ClCompile Include="SnakeAttackState.cpp">
      <Filter>Header Files\Objects\Enemy\Jafar</Filter>
    </ClCompile>
    <ClCompile Include="ContinueScene.cpp">
      <Filter>Header Files\Scene</Filter>
    </ClCompile>
    <ClCompile Include="PlayerSomersaultState.cpp">
      <Filter>Header Files\Objects\Player\State</Filter>
    </ClCompile>
    <ClCompile Include="JafarWeapon.cpp">
      <Filter>Header Files\Objects\Weapon</Filter>
    </ClCompile>
    <ClCompile Include="SnakeJafarWeapon.cpp">
      <Filter>Header Files\Objects\Weapon</Filter>
    </ClCompile>
    <ClCompile Include="Fire.cpp">
      <Filter>Header Files\Objects\Weapon</Filter>
    </ClCompile>
    <ClCompile Include="JafarExplosion.cpp">
      <Filter>Header Files\Objects\Effect\Explosion</Filter>
    </ClCompile>
    <ClCompile Include="SultanDungeon.cpp">
      <Filter>Header Files\Scene</Filter>
    </ClCompile>
    <ClCompile Include="Apple.cpp">
      <Filter>Header Files\Objects\Item</Filter>
    </ClCompile>
    <ClCompile Include="Data.cpp">
      <Filter>Header Files\Objects\General</Filter>
    </ClCompile>
    <ClCompile Include="Player.cpp">
      <Filter>Header Files\Objects\Player\Player</Filter>
    </ClCompile>
    <ClCompile Include="PlayerData.cpp">
      <Filter>Header Files\Objects\Player\Player</Filter>
    </ClCompile>
    <ClCompile Include="PlayerState.cpp">
      <Filter>Header Files\Objects\Player\Player</Filter>
    </ClCompile>
    <ClCompile Include="Scene.cpp">
      <Filter>Header Files\FrameWork</Filter>
    </ClCompile>
  </ItemGroup>
  <ItemGroup>
    <ClInclude Include="Animation.h">
      <Filter>Header Files\FrameWork</Filter>
    </ClInclude>
    <ClInclude Include="Graphic.h">
      <Filter>Header Files\FrameWork</Filter>
    </ClInclude>
    <ClInclude Include="KeyBoard.h">
      <Filter>Header Files\FrameWork</Filter>
    </ClInclude>
    <ClInclude Include="GameConfig.h">
      <Filter>Header Files\Manager</Filter>
    </ClInclude>
    <ClInclude Include="GameManager.h">
      <Filter>Header Files\Manager</Filter>
    </ClInclude>
    <ClInclude Include="GameMap.h">
      <Filter>Header Files\Manager</Filter>
    </ClInclude>
    <ClInclude Include="GameTime.h">
      <Filter>Header Files\FrameWork</Filter>
    </ClInclude>
    <ClInclude Include="Debug.h">
      <Filter>Header Files\Misc</Filter>
    </ClInclude>
    <ClInclude Include="PlayerDuckAttackState.h">
      <Filter>Header Files\Objects\Player\State</Filter>
    </ClInclude>
    <ClInclude Include="PlayerDuckState.h">
      <Filter>Header Files\Objects\Player\State</Filter>
    </ClInclude>
    <ClInclude Include="PlayerFallState.h">
      <Filter>Header Files\Objects\Player\State</Filter>
    </ClInclude>
    <ClInclude Include="PlayerIdleAttackState.h">
      <Filter>Header Files\Objects\Player\State</Filter>
    </ClInclude>
    <ClInclude Include="PlayerIdleState.h">
      <Filter>Header Files\Objects\Player\State</Filter>
    </ClInclude>
    <ClInclude Include="PlayerJumpAttack.h">
      <Filter>Header Files\Objects\Player\State</Filter>
    </ClInclude>
    <ClInclude Include="PlayerJumpCrossState.h">
      <Filter>Header Files\Objects\Player\State</Filter>
    </ClInclude>
    <ClInclude Include="PlayerJumpState.h">
      <Filter>Header Files\Objects\Player\State</Filter>
    </ClInclude>
    <ClInclude Include="PLayerLookUpState.h">
      <Filter>Header Files\Objects\Player\State</Filter>
    </ClInclude>
    <ClInclude Include="PlayerRunAttackState.h">
      <Filter>Header Files\Objects\Player\State</Filter>
    </ClInclude>
    <ClInclude Include="PlayerRunState.h">
      <Filter>Header Files\Objects\Player\State</Filter>
    </ClInclude>
    <ClInclude Include="PlayerSlideState.h">
      <Filter>Header Files\Objects\Player\State</Filter>
    </ClInclude>
    <ClInclude Include="Item.h">
      <Filter>Header Files\Objects\Item</Filter>
    </ClInclude>
    <ClInclude Include="Apple.h">
      <Filter>Header Files\Objects\Item</Filter>
    </ClInclude>
    <ClInclude Include="Camera.h">
      <Filter>Header Files\FrameWork</Filter>
    </ClInclude>
    <ClInclude Include="SceneManager.h">
      <Filter>Header Files\Manager</Filter>
    </ClInclude>
    <ClInclude Include="Sprites.h">
      <Filter>Header Files\FrameWork</Filter>
    </ClInclude>
    <ClInclude Include="Support.h">
      <Filter>Header Files\Misc</Filter>
    </ClInclude>
    <ClInclude Include="BoxCollider.h">
      <Filter>Header Files\Misc</Filter>
    </ClInclude>
    <ClInclude Include="Textures.h">
      <Filter>Header Files\FrameWork</Filter>
    </ClInclude>
    <ClInclude Include="Entity.h">
      <Filter>Header Files\Objects\General</Filter>
    </ClInclude>
    <ClInclude Include="Grid.h">
      <Filter>Header Files\Collission</Filter>
    </ClInclude>
    <ClInclude Include="Unit.h">
      <Filter>Header Files\Collission</Filter>
    </ClInclude>
    <ClInclude Include="Gem.h">
      <Filter>Header Files\Objects\Item</Filter>
    </ClInclude>
    <ClInclude Include="BlueHeart.h">
      <Filter>Header Files\Objects\Item</Filter>
    </ClInclude>
    <ClInclude Include="GenieToken.h">
      <Filter>Header Files\Objects\Item</Filter>
    </ClInclude>
    <ClInclude Include="PlayerIdleThrowState.h">
      <Filter>Header Files\Objects\Player\State</Filter>
    </ClInclude>
    <ClInclude Include="PlayerDuckThrowState.h">
      <Filter>Header Files\Objects\Player\State</Filter>
    </ClInclude>
    <ClInclude Include="PlayerLookUpAttackState.h">
      <Filter>Header Files\Objects\Player\State</Filter>
    </ClInclude>
    <ClInclude Include="PlayerRunThrowState.h">
      <Filter>Header Files\Objects\Player\State</Filter>
    </ClInclude>
    <ClInclude Include="PlayerJumpThrowState.h">
      <Filter>Header Files\Objects\Player\State</Filter>
    </ClInclude>
    <ClInclude Include="PlayerClimbState.h">
      <Filter>Header Files\Objects\Player\State</Filter>
    </ClInclude>
    <ClInclude Include="PlayerClimbAttackState.h">
      <Filter>Header Files\Objects\Player\State</Filter>
    </ClInclude>
    <ClInclude Include="PlayerClimbThrowState.h">
      <Filter>Header Files\Objects\Player\State</Filter>
    </ClInclude>
    <ClInclude Include="PlayerClimbJumpState.h">
      <Filter>Header Files\Objects\Player\State</Filter>
    </ClInclude>
    <ClInclude Include="PlayerInjuredState.h">
      <Filter>Header Files\Objects\Player\State</Filter>
    </ClInclude>
    <ClInclude Include="PlayerDeathState.h">
      <Filter>Header Files\Objects\Player\State</Filter>
    </ClInclude>
    <ClInclude Include="CollisionDetector.h">
      <Filter>Header Files\Collission</Filter>
    </ClInclude>
    <ClInclude Include="Obstacles.h">
      <Filter>Header Files\Objects\Obstacles</Filter>
    </ClInclude>
    <ClInclude Include="Stone.h">
      <Filter>Header Files\Objects\Obstacles</Filter>
    </ClInclude>
    <ClInclude Include="Spike.h">
      <Filter>Header Files\Objects\Obstacles</Filter>
    </ClInclude>
    <ClInclude Include="BlueVase.h">
      <Filter>Header Files\Objects\Obstacles</Filter>
    </ClInclude>
    <ClInclude Include="Ball.h">
      <Filter>Header Files\Objects\Obstacles</Filter>
    </ClInclude>
    <ClInclude Include="Pillar.h">
      <Filter>Header Files\Objects\Surface</Filter>
    </ClInclude>
    <ClInclude Include="ChainedPillar.h">
      <Filter>Header Files\Objects\Surface</Filter>
    </ClInclude>
    <ClInclude Include="Surface.h">
      <Filter>Header Files\Objects\Surface</Filter>
    </ClInclude>
    <ClInclude Include="ExitPort.h">
      <Filter>Header Files\Objects\Surface</Filter>
    </ClInclude>
    <ClInclude Include="PlayerPushState.h">
      <Filter>Header Files\Objects\Player\State</Filter>
    </ClInclude>
    <ClInclude Include="FatGuard.h">
      <Filter>Header Files\Objects\Enemy\FatGuard</Filter>
    </ClInclude>
    <ClInclude Include="FatGuardAttackState.h">
      <Filter>Header Files\Objects\Enemy\FatGuard</Filter>
    </ClInclude>
    <ClInclude Include="Bat.h">
      <Filter>Header Files\Objects\Enemy\Bat</Filter>
    </ClInclude>
    <ClInclude Include="Skeleton.h">
      <Filter>Header Files\Objects\Enemy\Skeleton</Filter>
    </ClInclude>
    <ClInclude Include="ThinGuard.h">
      <Filter>Header Files\Objects\Enemy\ThinGuard</Filter>
    </ClInclude>
    <ClInclude Include="Enemy.h">
      <Filter>Header Files\Objects\Enemy\General</Filter>
    </ClInclude>
    <ClInclude Include="EnemyData.h">
      <Filter>Header Files\Objects\Enemy\General</Filter>
    </ClInclude>
    <ClInclude Include="EnemyState.h">
      <Filter>Header Files\Objects\Enemy\General</Filter>
    </ClInclude>
    <ClInclude Include="PlayerTouchGroundState.h">
      <Filter>Header Files\Objects\Player\State</Filter>
    </ClInclude>
    <ClInclude Include="ThinGuardAttackState.h">
      <Filter>Header Files\Objects\Enemy\ThinGuard</Filter>
    </ClInclude>
    <ClInclude Include="SkeletonIdleState.h">
      <Filter>Header Files\Objects\Enemy\Skeleton</Filter>
    </ClInclude>
    <ClInclude Include="BatFollowPlayerState.h">
      <Filter>Header Files\Objects\Enemy\Bat</Filter>
    </ClInclude>
    <ClInclude Include="FatGuardFollowPlayerState.h">
      <Filter>Header Files\Objects\Enemy\FatGuard</Filter>
    </ClInclude>
    <ClInclude Include="FatGuardProvokeState.h">
      <Filter>Header Files\Objects\Enemy\FatGuard</Filter>
    </ClInclude>
    <ClInclude Include="FatGuardIdleState.h">
      <Filter>Header Files\Objects\Enemy\FatGuard</Filter>
    </ClInclude>
    <ClInclude Include="ThinGuardFollowPlayer.h">
      <Filter>Header Files\Objects\Enemy\ThinGuard</Filter>
    </ClInclude>
    <ClInclude Include="ThinGuardIdleState.h">
      <Filter>Header Files\Objects\Enemy\ThinGuard</Filter>
    </ClInclude>
    <ClInclude Include="BatIdleState.h">
      <Filter>Header Files\Objects\Enemy\Bat</Filter>
    </ClInclude>
    <ClInclude Include="FatGuardInjuredState.h">
      <Filter>Header Files\Objects\Enemy\FatGuard</Filter>
    </ClInclude>
    <ClInclude Include="ThinGuardInjuredState.h">
      <Filter>Header Files\Objects\Enemy\ThinGuard</Filter>
    </ClInclude>
    <ClInclude Include="Effect.h">
      <Filter>Header Files\Objects\Effect</Filter>
    </ClInclude>
    <ClInclude Include="EnemyExplosion.h">
      <Filter>Header Files\Objects\Effect\Explosion</Filter>
    </ClInclude>
    <ClInclude Include="SmallItemExplosion.h">
      <Filter>Header Files\Objects\Effect\Explosion</Filter>
    </ClInclude>
    <ClInclude Include="BigItemExplosion.h">
      <Filter>Header Files\Objects\Effect\Explosion</Filter>
    </ClInclude>
    <ClInclude Include="AppleWeapon.h">
      <Filter>Header Files\Objects\Weapon</Filter>
    </ClInclude>
    <ClInclude Include="Weapon.h">
      <Filter>Header Files\Objects\Weapon</Filter>
    </ClInclude>
    <ClInclude Include="RevivingScene.h">
      <Filter>Header Files\Scene</Filter>
    </ClInclude>
    <ClInclude Include="ObjectPooling.h">
      <Filter>Header Files\Manager\ObjectPooling</Filter>
    </ClInclude>
    <ClInclude Include="AppleWeaponExplosion.h">
      <Filter>Header Files\Objects\Effect\Explosion</Filter>
    </ClInclude>
    <ClInclude Include="SkeletonWeapon.h">
      <Filter>Header Files\Objects\Weapon</Filter>
    </ClInclude>
    <ClInclude Include="SkeletonWeaponExplosion.h">
      <Filter>Header Files\Objects\Effect\Explosion</Filter>
    </ClInclude>
    <ClInclude Include="IntroScene.h">
      <Filter>Header Files\Scene</Filter>
    </ClInclude>
    <ClInclude Include="LevelComplete.h">
      <Filter>Header Files\Scene</Filter>
    </ClInclude>
    <ClInclude Include="Jafar%27sPalace.h">
      <Filter>Header Files\Scene</Filter>
    </ClInclude>
    <ClInclude Include="SnakePillar.h">
      <Filter>Header Files\Objects\Surface</Filter>
    </ClInclude>
    <ClInclude Include="BatRotateState.h">
      <Filter>Header Files\Objects\Enemy\Bat</Filter>
    </ClInclude>
    <ClInclude Include="Peddler.h">
      <Filter>Header Files\Objects\Item</Filter>
    </ClInclude>
    <ClInclude Include="Sound.h">
      <Filter>Header Files\FrameWork\Sound</Filter>
    </ClInclude>
    <ClInclude Include="dsutil.h">
      <Filter>Header Files\FrameWork\Sound\ThirdParty</Filter>
    </ClInclude>
    <ClInclude Include="dxutil.h">
      <Filter>Header Files\FrameWork\Sound\ThirdParty</Filter>
    </ClInclude>
    <ClInclude Include="Jafar.h">
      <Filter>Header Files\Objects\Enemy\Jafar</Filter>
    </ClInclude>
    <ClInclude Include="JafarIdleState.h">
      <Filter>Header Files\Objects\Enemy\Jafar</Filter>
    </ClInclude>
    <ClInclude Include="JafarAttackState.h">
      <Filter>Header Files\Objects\Enemy\Jafar</Filter>
    </ClInclude>
    <ClInclude Include="SnakeAttackState.h">
      <Filter>Header Files\Objects\Enemy\Jafar</Filter>
    </ClInclude>
    <ClInclude Include="ContinueScene.h">
      <Filter>Header Files\Scene</Filter>
    </ClInclude>
    <ClInclude Include="PlayerSomersaultState.h">
      <Filter>Header Files\Objects\Player\State</Filter>
    </ClInclude>
    <ClInclude Include="JafarWeapon.h">
      <Filter>Header Files\Objects\Weapon</Filter>
    </ClInclude>
    <ClInclude Include="SnakeJafarWeapon.h">
      <Filter>Header Files\Objects\Weapon</Filter>
    </ClInclude>
    <ClInclude Include="Fire.h">
      <Filter>Header Files\Objects\Weapon</Filter>
    </ClInclude>
    <ClInclude Include="JafarExplosion.h">
      <Filter>Header Files\Objects\Effect\Explosion</Filter>
    </ClInclude>
    <ClInclude Include="SultanDungeon.h">
      <Filter>Header Files\Scene</Filter>
    </ClInclude>
    <ClInclude Include="Data.h">
      <Filter>Header Files\Objects\General</Filter>
    </ClInclude>
    <ClInclude Include="PlayerState.h">
      <Filter>Header Files\Objects\Player\Player</Filter>
    </ClInclude>
    <ClInclude Include="Player.h">
      <Filter>Header Files\Objects\Player\Player</Filter>
    </ClInclude>
    <ClInclude Include="PlayerData.h">
      <Filter>Header Files\Objects\Player\Player</Filter>
    </ClInclude>
    <ClInclude Include="Scene.h">
      <Filter>Header Files\FrameWork</Filter>
    </ClInclude>
  </ItemGroup>
  <ItemGroup>
    <Filter Include="Source Files">
      <UniqueIdentifier>{fe2a66ed-c1ad-4e50-8e73-4bfe5578a376}</UniqueIdentifier>
    </Filter>
    <Filter Include="Header Files">
      <UniqueIdentifier>{f0e1570d-8e4f-43e7-a4ec-b940cc63a173}</UniqueIdentifier>
    </Filter>
    <Filter Include="Header Files\FrameWork">
      <UniqueIdentifier>{16381fe1-2c8f-4c7e-9588-34435a35a8af}</UniqueIdentifier>
    </Filter>
    <Filter Include="Header Files\Manager">
      <UniqueIdentifier>{ff5a1244-d703-4a60-9e3f-23ded2f4d3e0}</UniqueIdentifier>
    </Filter>
    <Filter Include="Header Files\Misc">
      <UniqueIdentifier>{6ff7fbe3-5e75-489d-823a-58128fae5a07}</UniqueIdentifier>
    </Filter>
    <Filter Include="Header Files\Collission">
      <UniqueIdentifier>{3569fc27-fbc7-4379-af5c-126a5b575241}</UniqueIdentifier>
    </Filter>
    <Filter Include="Header Files\Objects">
      <UniqueIdentifier>{b5786271-33bc-4e41-acdd-c22342415bca}</UniqueIdentifier>
    </Filter>
    <Filter Include="Header Files\Objects\Player">
      <UniqueIdentifier>{9c05218e-c3fa-4c8b-b6b8-ae5936b0858a}</UniqueIdentifier>
    </Filter>
    <Filter Include="Header Files\Objects\Player\State">
      <UniqueIdentifier>{d329e23b-94d5-451a-8ac9-c3ce0dbf3ab5}</UniqueIdentifier>
    </Filter>
    <Filter Include="Header Files\Objects\Item">
      <UniqueIdentifier>{8ff31168-3670-4951-9ca7-d35d792b325a}</UniqueIdentifier>
    </Filter>
    <Filter Include="Header Files\Objects\General">
      <UniqueIdentifier>{f322b143-a825-4e5e-85a5-eeaf62da5b4a}</UniqueIdentifier>
    </Filter>
    <Filter Include="Header Files\Objects\Enemy">
      <UniqueIdentifier>{6deeb239-c3d3-4711-b23c-1b6e4ae2b2b9}</UniqueIdentifier>
    </Filter>
    <Filter Include="Header Files\Objects\Obstacles">
      <UniqueIdentifier>{2460e126-a687-4f48-a599-f95b26fb1793}</UniqueIdentifier>
    </Filter>
    <Filter Include="Header Files\Objects\Surface">
      <UniqueIdentifier>{ad283311-d8cb-468b-ac0c-8f2abafa5cf4}</UniqueIdentifier>
    </Filter>
    <Filter Include="Header Files\Objects\Enemy\FatGuard">
      <UniqueIdentifier>{b08e28bc-730b-4640-88d5-a9eaf38f279b}</UniqueIdentifier>
    </Filter>
    <Filter Include="Header Files\Objects\Enemy\Bat">
      <UniqueIdentifier>{bdecdc09-e7b0-4b33-9465-f9673656eca9}</UniqueIdentifier>
    </Filter>
    <Filter Include="Header Files\Objects\Enemy\Skeleton">
      <UniqueIdentifier>{b2ae75d2-6e71-4d98-95d2-1c37061e7cee}</UniqueIdentifier>
    </Filter>
    <Filter Include="Header Files\Objects\Enemy\ThinGuard">
      <UniqueIdentifier>{4d771ecc-c3dc-4ed0-9a18-c0f49c11f6e6}</UniqueIdentifier>
    </Filter>
    <Filter Include="Header Files\Scene">
      <UniqueIdentifier>{fad778bb-7dd3-49a5-919b-da39fd1c2cc2}</UniqueIdentifier>
    </Filter>
    <Filter Include="Header Files\Objects\Enemy\General">
      <UniqueIdentifier>{91845032-e321-4a44-83c7-dae2bc6849d2}</UniqueIdentifier>
    </Filter>
    <Filter Include="Header Files\Objects\Effect">
      <UniqueIdentifier>{36dc0a5d-071e-4c94-aa14-d134615c0411}</UniqueIdentifier>
    </Filter>
    <Filter Include="Header Files\Objects\Effect\Explosion">
      <UniqueIdentifier>{8d834218-c328-4df2-9e28-8f7cd88fbf93}</UniqueIdentifier>
    </Filter>
    <Filter Include="Header Files\Objects\Weapon">
      <UniqueIdentifier>{134f3c6d-3524-4163-8b2a-328c71aedbf0}</UniqueIdentifier>
    </Filter>
    <Filter Include="Header Files\Manager\ObjectPooling">
      <UniqueIdentifier>{25276cc9-fda7-4592-a0de-6026e7cbba26}</UniqueIdentifier>
    </Filter>
    <Filter Include="Header Files\FrameWork\Sound">
      <UniqueIdentifier>{6a51b46e-ad59-42f8-b2e8-c89a6659f269}</UniqueIdentifier>
    </Filter>
    <Filter Include="Header Files\FrameWork\Sound\ThirdParty">
      <UniqueIdentifier>{b5758402-e0af-4c8e-8a4c-5c4dfe9836d7}</UniqueIdentifier>
    </Filter>
    <Filter Include="Header Files\Objects\Enemy\Jafar">
      <UniqueIdentifier>{523180d5-a67a-4415-b3d7-62400f28bdcf}</UniqueIdentifier>
    </Filter>
    <Filter Include="Header Files\Objects\Player\Player">
      <UniqueIdentifier>{b64ea33e-f1e3-49b1-8776-530104a52dea}</UniqueIdentifier>
    </Filter>
  </ItemGroup>
</Project>