<?xml version="1.0" encoding="utf-8"?>
<Project ToolsVersion="4.0" xmlns="http://schemas.microsoft.com/developer/msbuild/2003">
  <ItemGroup>
    <Filter Include="Source Files">
      <UniqueIdentifier>{4FC737F1-C7A5-4376-A066-2A32D752A2FF}</UniqueIdentifier>
      <Extensions>cpp;c;cc;cxx;def;odl;idl;hpj;bat;asm;asmx</Extensions>
    </Filter>
    <Filter Include="Header Files">
      <UniqueIdentifier>{93995380-89BD-4b04-88EB-625FBE52EBFB}</UniqueIdentifier>
      <Extensions>h;hh;hpp;hxx;hm;inl;inc;ipp;xsd</Extensions>
    </Filter>
    <Filter Include="Resource Files">
      <UniqueIdentifier>{67DA6AB6-F800-4c08-8B7A-83BB121AAD01}</UniqueIdentifier>
      <Extensions>rc;ico;cur;bmp;dlg;rc2;rct;bin;rgs;gif;jpg;jpeg;jpe;resx;tiff;tif;png;wav;mfcribbon-ms</Extensions>
    </Filter>
    <Filter Include="Manager">
      <UniqueIdentifier>{2053a490-26e2-4f60-ba68-cb8206daef61}</UniqueIdentifier>
    </Filter>
    <Filter Include="Scene">
      <UniqueIdentifier>{f003ee0a-ebc9-40c9-9ccd-cd88a47c05b6}</UniqueIdentifier>
    </Filter>
    <Filter Include="FrameWork">
      <UniqueIdentifier>{c0ee8eae-6570-46f1-b714-5d3ef17fb908}</UniqueIdentifier>
    </Filter>
    <Filter Include="Objects">
      <UniqueIdentifier>{31c9ef19-cf86-48bf-803b-d9157bb366a4}</UniqueIdentifier>
    </Filter>
    <Filter Include="Objects\DemoObject">
      <UniqueIdentifier>{34a8216e-a931-4e12-b91c-c22aa979fc80}</UniqueIdentifier>
    </Filter>
  </ItemGroup>
  <ItemGroup>
    <ClCompile Include="Main.cpp">
      <Filter>Source Files</Filter>
    </ClCompile>
    <ClCompile Include="GameManager.cpp">
      <Filter>Manager</Filter>
    </ClCompile>
    <ClCompile Include="SceneManager.cpp">
      <Filter>Manager</Filter>
    </ClCompile>
    <ClCompile Include="Scene.cpp">
      <Filter>Scene</Filter>
    </ClCompile>
    <ClCompile Include="DemoScene.cpp">
      <Filter>Scene</Filter>
    </ClCompile>
    <ClCompile Include="GameTime.cpp">
      <Filter>FrameWork</Filter>
    </ClCompile>
    <ClCompile Include="Graphic.cpp">
      <Filter>FrameWork</Filter>
    </ClCompile>
    <ClCompile Include="Sprites.cpp">
      <Filter>FrameWork</Filter>
    </ClCompile>
    <ClCompile Include="Textures.cpp">
      <Filter>FrameWork</Filter>
    </ClCompile>
    <ClCompile Include="Animation.cpp">
      <Filter>FrameWork</Filter>
    </ClCompile>
    <ClCompile Include="Entity.cpp">
      <Filter>Objects</Filter>
    </ClCompile>
    <ClCompile Include="DemoObject.cpp">
      <Filter>Objects\DemoObject</Filter>
    </ClCompile>
    <ClCompile Include="DemoObjectState.cpp">
      <Filter>Objects\DemoObject</Filter>
    </ClCompile>
    <ClCompile Include="KeyBoard.cpp">
      <Filter>FrameWork</Filter>
    </ClCompile>
    <ClCompile Include="DemoRunningState.cpp">
      <Filter>Objects\DemoObject</Filter>
    </ClCompile>
    <ClCompile Include="Debug.cpp">
      <Filter>Header Files</Filter>
    </ClCompile>
    <ClCompile Include="Support.cpp">
      <Filter>Header Files</Filter>
    </ClCompile>
  </ItemGroup>
  <ItemGroup>
    <ClInclude Include="Debug.h">
      <Filter>Header Files</Filter>
    </ClInclude>
    <ClInclude Include="Support.h">
      <Filter>Header Files</Filter>
    </ClInclude>
    <ClInclude Include="GameManager.h">
      <Filter>Manager</Filter>
    </ClInclude>
    <ClInclude Include="SceneManager.h">
      <Filter>Manager</Filter>
    </ClInclude>
    <ClInclude Include="Scene.h">
      <Filter>Scene</Filter>
    </ClInclude>
    <ClInclude Include="DemoScene.h">
      <Filter>Scene</Filter>
    </ClInclude>
    <ClInclude Include="GameTime.h">
      <Filter>FrameWork</Filter>
    </ClInclude>
    <ClInclude Include="Graphic.h">
      <Filter>FrameWork</Filter>
    </ClInclude>
    <ClInclude Include="Sprites.h">
      <Filter>FrameWork</Filter>
    </ClInclude>
    <ClInclude Include="Textures.h">
      <Filter>FrameWork</Filter>
    </ClInclude>
    <ClInclude Include="BoxCollider.h">
      <Filter>Objects</Filter>
    </ClInclude>
    <ClInclude Include="Animation.h">
      <Filter>FrameWork</Filter>
    </ClInclude>
    <ClInclude Include="Entity.h">
      <Filter>Objects</Filter>
    </ClInclude>
    <ClInclude Include="DemoObject.h">
      <Filter>Objects\DemoObject</Filter>
    </ClInclude>
    <ClInclude Include="DemoObjectState.h">
      <Filter>Objects\DemoObject</Filter>
    </ClInclude>
    <ClInclude Include="DemoObjectData.h">
      <Filter>Objects\DemoObject</Filter>
    </ClInclude>
    <ClInclude Include="DemoRunningState.h">
      <Filter>Objects\DemoObject</Filter>
    </ClInclude>
    <ClInclude Include="KeyBoard.h">
      <Filter>FrameWork</Filter>
    </ClInclude>
    <ClInclude Include="GameConfig.h">
      <Filter>Manager</Filter>
    </ClInclude>
  </ItemGroup>
</Project>